// !$*UTF8*$!
{
	archiveVersion = 1;
	classes = {
	};
	objectVersion = 50;
	objects = {

/* Begin PBXBuildFile section */
		CD3D984A250217EA009C360E /* AppDelegate.swift in Sources */ = {isa = PBXBuildFile; fileRef = CD3D9849250217EA009C360E /* AppDelegate.swift */; };
		CD3D984C250217EA009C360E /* SceneDelegate.swift in Sources */ = {isa = PBXBuildFile; fileRef = CD3D984B250217EA009C360E /* SceneDelegate.swift */; };
		CD3D9851250217EA009C360E /* Main.storyboard in Resources */ = {isa = PBXBuildFile; fileRef = CD3D984F250217EA009C360E /* Main.storyboard */; };
		CD3D9854250217EA009C360E /* RoomChef.xcdatamodeld in Sources */ = {isa = PBXBuildFile; fileRef = CD3D9852250217EA009C360E /* RoomChef.xcdatamodeld */; };
		CD3D9856250217F5009C360E /* Assets.xcassets in Resources */ = {isa = PBXBuildFile; fileRef = CD3D9855250217F5009C360E /* Assets.xcassets */; };
		CD3D9859250217F5009C360E /* LaunchScreen.storyboard in Resources */ = {isa = PBXBuildFile; fileRef = CD3D9857250217F5009C360E /* LaunchScreen.storyboard */; };
		CD3D9868250219C5009C360E /* WebKit.framework in Frameworks */ = {isa = PBXBuildFile; fileRef = CD3D9867250219C5009C360E /* WebKit.framework */; };
		CD3D986C25022298009C360E /* HomeViewController.swift in Sources */ = {isa = PBXBuildFile; fileRef = CD3D986B25022298009C360E /* HomeViewController.swift */; };
		CD45A757250C7FB100505043 /* ReviewDetailViewController.swift in Sources */ = {isa = PBXBuildFile; fileRef = CD45A756250C7FB100505043 /* ReviewDetailViewController.swift */; };
		CD9B712F25086E8100891472 /* LimitIngredients.swift in Sources */ = {isa = PBXBuildFile; fileRef = CD9B712E25086E8000891472 /* LimitIngredients.swift */; };
		CD9B714425086EA100891472 /* HomeCollectionViewCell.swift in Sources */ = {isa = PBXBuildFile; fileRef = CD9B714225086EA100891472 /* HomeCollectionViewCell.swift */; };
		CD9B714525086EA100891472 /* LimitIngredientsQuery.swift in Sources */ = {isa = PBXBuildFile; fileRef = CD9B714325086EA100891472 /* LimitIngredientsQuery.swift */; };
		CD9B71472508BD3100891472 /* RefrigratorInsertModel.swift in Sources */ = {isa = PBXBuildFile; fileRef = CD9B71462508BD3100891472 /* RefrigratorInsertModel.swift */; };
		CD9ED7172507232B00763BE7 /* UserSignUpModel.swift in Sources */ = {isa = PBXBuildFile; fileRef = CD9ED7162507232B00763BE7 /* UserSignUpModel.swift */; };
		CD9ED7192507688C00763BE7 /* RefrigratorViewController.swift in Sources */ = {isa = PBXBuildFile; fileRef = CD9ED7182507688C00763BE7 /* RefrigratorViewController.swift */; };
		CD9ED71B2507699200763BE7 /* RefrigratorCollectionViewCell.swift in Sources */ = {isa = PBXBuildFile; fileRef = CD9ED71A2507699200763BE7 /* RefrigratorCollectionViewCell.swift */; };
		CD9ED71D2507741500763BE7 /* RefrigratorDBModel.swift in Sources */ = {isa = PBXBuildFile; fileRef = CD9ED71C2507741500763BE7 /* RefrigratorDBModel.swift */; };
		CD9ED71F250776A000763BE7 /* plus_icon.png in Resources */ = {isa = PBXBuildFile; fileRef = CD9ED71E250776A000763BE7 /* plus_icon.png */; };
		CD9ED72125077FB400763BE7 /* RefrigratorSelectAllModel.swift in Sources */ = {isa = PBXBuildFile; fileRef = CD9ED72025077FB400763BE7 /* RefrigratorSelectAllModel.swift */; };
		CD9ED72B250789FD00763BE7 /* AddRefrigratorViewController.swift in Sources */ = {isa = PBXBuildFile; fileRef = CD9ED72A250789FD00763BE7 /* AddRefrigratorViewController.swift */; };
		CDAEA6C4250F16D000C76555 /* 15.JPG in Resources */ = {isa = PBXBuildFile; fileRef = CDAEA6A5250F16CF00C76555 /* 15.JPG */; };
		CDAEA6C5250F16D000C76555 /* 11.jpg in Resources */ = {isa = PBXBuildFile; fileRef = CDAEA6A6250F16CF00C76555 /* 11.jpg */; };
		CDAEA6C6250F16D000C76555 /* fruit.JPG in Resources */ = {isa = PBXBuildFile; fileRef = CDAEA6A7250F16CF00C76555 /* fruit.JPG */; };
		CDAEA6C7250F16D000C76555 /* kong.jpg in Resources */ = {isa = PBXBuildFile; fileRef = CDAEA6A8250F16CF00C76555 /* kong.jpg */; };
		CDAEA6C8250F16D000C76555 /* 5.jpg in Resources */ = {isa = PBXBuildFile; fileRef = CDAEA6A9250F16CF00C76555 /* 5.jpg */; };
		CDAEA6C9250F16D000C76555 /* flour.jpg in Resources */ = {isa = PBXBuildFile; fileRef = CDAEA6AA250F16CF00C76555 /* flour.jpg */; };
		CDAEA6CA250F16D000C76555 /* gagong.jpg in Resources */ = {isa = PBXBuildFile; fileRef = CDAEA6AB250F16CF00C76555 /* gagong.jpg */; };
		CDAEA6CB250F16D000C76555 /* 16.JPG in Resources */ = {isa = PBXBuildFile; fileRef = CDAEA6AC250F16CF00C76555 /* 16.JPG */; };
		CDAEA6CC250F16D000C76555 /* 12.jpg in Resources */ = {isa = PBXBuildFile; fileRef = CDAEA6AD250F16CF00C76555 /* 12.jpg */; };
		CDAEA6CD250F16D000C76555 /* 10.jpg in Resources */ = {isa = PBXBuildFile; fileRef = CDAEA6AE250F16CF00C76555 /* 10.jpg */; };
		CDAEA6CE250F16D000C76555 /* 6.jpg in Resources */ = {isa = PBXBuildFile; fileRef = CDAEA6AF250F16CF00C76555 /* 6.jpg */; };
		CDAEA6CF250F16D000C76555 /* 8.JPG in Resources */ = {isa = PBXBuildFile; fileRef = CDAEA6B0250F16CF00C76555 /* 8.JPG */; };
		CDAEA6D0250F16D000C76555 /* milk.jpg in Resources */ = {isa = PBXBuildFile; fileRef = CDAEA6B1250F16CF00C76555 /* milk.jpg */; };
		CDAEA6D1250F16D000C76555 /* 14.JPG in Resources */ = {isa = PBXBuildFile; fileRef = CDAEA6B2250F16CF00C76555 /* 14.JPG */; };
		CDAEA6D2250F16D000C76555 /* 9.jpg in Resources */ = {isa = PBXBuildFile; fileRef = CDAEA6B3250F16CF00C76555 /* 9.jpg */; };
		CDAEA6D3250F16D000C76555 /* 2.JPG in Resources */ = {isa = PBXBuildFile; fileRef = CDAEA6B4250F16CF00C76555 /* 2.JPG */; };
		CDAEA6D4250F16D000C76555 /* 1.JPG in Resources */ = {isa = PBXBuildFile; fileRef = CDAEA6B5250F16D000C76555 /* 1.JPG */; };
		CDAEA6D5250F16D000C76555 /* 13.jpg in Resources */ = {isa = PBXBuildFile; fileRef = CDAEA6B6250F16D000C76555 /* 13.jpg */; };
		CDAEA6D6250F16D000C76555 /* 17.jpg in Resources */ = {isa = PBXBuildFile; fileRef = CDAEA6B7250F16D000C76555 /* 17.jpg */; };
		CDAEA6D7250F16D000C76555 /* gogi.jpg in Resources */ = {isa = PBXBuildFile; fileRef = CDAEA6B8250F16D000C76555 /* gogi.jpg */; };
		CDAEA6D8250F16D000C76555 /* vegita.jpg in Resources */ = {isa = PBXBuildFile; fileRef = CDAEA6B9250F16D000C76555 /* vegita.jpg */; };
		CDAEA6D9250F16D000C76555 /* rice.jpg in Resources */ = {isa = PBXBuildFile; fileRef = CDAEA6BA250F16D000C76555 /* rice.jpg */; };
		CDAEA6DA250F16D000C76555 /* ojing.jpg in Resources */ = {isa = PBXBuildFile; fileRef = CDAEA6BB250F16D000C76555 /* ojing.jpg */; };
		CDAEA6DB250F16D000C76555 /* 3.jpg in Resources */ = {isa = PBXBuildFile; fileRef = CDAEA6BC250F16D000C76555 /* 3.jpg */; };
		CDAEA6DC250F16D000C76555 /* gogru.jpg in Resources */ = {isa = PBXBuildFile; fileRef = CDAEA6BD250F16D000C76555 /* gogru.jpg */; };
		CDAEA6DD250F16D000C76555 /* chikingogi.jpg in Resources */ = {isa = PBXBuildFile; fileRef = CDAEA6BE250F16D000C76555 /* chikingogi.jpg */; };
		CDAEA6DE250F16D000C76555 /* fish.jpg in Resources */ = {isa = PBXBuildFile; fileRef = CDAEA6BF250F16D000C76555 /* fish.jpg */; };
		CDAEA6DF250F16D000C76555 /* 7.jpg in Resources */ = {isa = PBXBuildFile; fileRef = CDAEA6C0250F16D000C76555 /* 7.jpg */; };
		CDAEA6E0250F16D000C76555 /* piggogi.jpg in Resources */ = {isa = PBXBuildFile; fileRef = CDAEA6C1250F16D000C76555 /* piggogi.jpg */; };
		CDAEA6E1250F16D000C76555 /* 4.jpg in Resources */ = {isa = PBXBuildFile; fileRef = CDAEA6C2250F16D000C76555 /* 4.jpg */; };
		CDAEA6E2250F16D000C76555 /* sogogi.jpg in Resources */ = {isa = PBXBuildFile; fileRef = CDAEA6C3250F16D000C76555 /* sogogi.jpg */; };
		CDAEA6E4250F18D600C76555 /* busut.jpeg in Resources */ = {isa = PBXBuildFile; fileRef = CDAEA6E3250F18D600C76555 /* busut.jpeg */; };
		CDAEA6E6250F30F900C76555 /* pri.jpg in Resources */ = {isa = PBXBuildFile; fileRef = CDAEA6E5250F30F900C76555 /* pri.jpg */; };
		CDAEA6E8250F34B900C76555 /* pri2.jpg in Resources */ = {isa = PBXBuildFile; fileRef = CDAEA6E7250F34B900C76555 /* pri2.jpg */; };
		CDFFD30F250B24BF000C6E4F /* ReviewInsertViewController.swift in Sources */ = {isa = PBXBuildFile; fileRef = CDFFD30E250B24BF000C6E4F /* ReviewInsertViewController.swift */; };
		CDFFD311250B24C5000C6E4F /* ReviewTableViewController.swift in Sources */ = {isa = PBXBuildFile; fileRef = CDFFD310250B24C5000C6E4F /* ReviewTableViewController.swift */; };
		CDFFD313250B24DA000C6E4F /* ReviewInsertModel.swift in Sources */ = {isa = PBXBuildFile; fileRef = CDFFD312250B24DA000C6E4F /* ReviewInsertModel.swift */; };
		CDFFD315250B24DF000C6E4F /* ReviewSelectModel.swift in Sources */ = {isa = PBXBuildFile; fileRef = CDFFD314250B24DF000C6E4F /* ReviewSelectModel.swift */; };
		CDFFD317250B24E4000C6E4F /* ReviewDBModel.swift in Sources */ = {isa = PBXBuildFile; fileRef = CDFFD316250B24E4000C6E4F /* ReviewDBModel.swift */; };
		CDFFD319250BA071000C6E4F /* ReviewTableViewCell.swift in Sources */ = {isa = PBXBuildFile; fileRef = CDFFD318250BA071000C6E4F /* ReviewTableViewCell.swift */; };
		F8EF5C09250DD36100AC658F /* RecipeDetailQueryModel.swift in Sources */ = {isa = PBXBuildFile; fileRef = F8EF5C07250DD36100AC658F /* RecipeDetailQueryModel.swift */; };
		F8EF5C0A250DD36100AC658F /* RecipeQueryModel.swift in Sources */ = {isa = PBXBuildFile; fileRef = F8EF5C08250DD36100AC658F /* RecipeQueryModel.swift */; };
		F8EF5C0C250DD36F00AC658F /* RecipeModel.swift in Sources */ = {isa = PBXBuildFile; fileRef = F8EF5C0B250DD36F00AC658F /* RecipeModel.swift */; };
		F8EF5C13250DD3D600AC658F /* RecipeViewController.swift in Sources */ = {isa = PBXBuildFile; fileRef = F8EF5C0D250DD3D600AC658F /* RecipeViewController.swift */; };
		F8EF5C14250DD3D600AC658F /* RecipeDetailViewController.swift in Sources */ = {isa = PBXBuildFile; fileRef = F8EF5C0E250DD3D600AC658F /* RecipeDetailViewController.swift */; };
		F8EF5C15250DD3D600AC658F /* RecipeDetailTableViewRecipeStepCell.swift in Sources */ = {isa = PBXBuildFile; fileRef = F8EF5C0F250DD3D600AC658F /* RecipeDetailTableViewRecipeStepCell.swift */; };
		F8EF5C16250DD3D600AC658F /* RecipeDetailTableViewRecipeStepCell.xib in Resources */ = {isa = PBXBuildFile; fileRef = F8EF5C10250DD3D600AC658F /* RecipeDetailTableViewRecipeStepCell.xib */; };
		F8EF5C17250DD3D600AC658F /* RecipeDetailTableViewCell.swift in Sources */ = {isa = PBXBuildFile; fileRef = F8EF5C11250DD3D600AC658F /* RecipeDetailTableViewCell.swift */; };
		F8EF5C18250DD3D600AC658F /* RecipeTableViewCell.swift in Sources */ = {isa = PBXBuildFile; fileRef = F8EF5C12250DD3D600AC658F /* RecipeTableViewCell.swift */; };
		F8EF5C1B250E6F2800AC658F /* unlike.png in Resources */ = {isa = PBXBuildFile; fileRef = F8EF5C19250E6F2800AC658F /* unlike.png */; };
		F8EF5C1C250E6F2800AC658F /* like.png in Resources */ = {isa = PBXBuildFile; fileRef = F8EF5C1A250E6F2800AC658F /* like.png */; };
		F8EF5C20250E7EB300AC658F /* RecipeLikeUpdateQueryModel.swift in Sources */ = {isa = PBXBuildFile; fileRef = F8EF5C1F250E7EB300AC658F /* RecipeLikeUpdateQueryModel.swift */; };
/* End PBXBuildFile section */

/* Begin PBXFileReference section */
		CD3D9846250217EA009C360E /* RoomChef.app */ = {isa = PBXFileReference; explicitFileType = wrapper.application; includeInIndex = 0; path = RoomChef.app; sourceTree = BUILT_PRODUCTS_DIR; };
		CD3D9849250217EA009C360E /* AppDelegate.swift */ = {isa = PBXFileReference; lastKnownFileType = sourcecode.swift; path = AppDelegate.swift; sourceTree = "<group>"; };
		CD3D984B250217EA009C360E /* SceneDelegate.swift */ = {isa = PBXFileReference; lastKnownFileType = sourcecode.swift; path = SceneDelegate.swift; sourceTree = "<group>"; };
		CD3D9850250217EA009C360E /* Base */ = {isa = PBXFileReference; lastKnownFileType = file.storyboard; name = Base; path = Base.lproj/Main.storyboard; sourceTree = "<group>"; };
		CD3D9853250217EA009C360E /* RoomChef.xcdatamodel */ = {isa = PBXFileReference; lastKnownFileType = wrapper.xcdatamodel; path = RoomChef.xcdatamodel; sourceTree = "<group>"; };
		CD3D9855250217F5009C360E /* Assets.xcassets */ = {isa = PBXFileReference; lastKnownFileType = folder.assetcatalog; path = Assets.xcassets; sourceTree = "<group>"; };
		CD3D9858250217F5009C360E /* Base */ = {isa = PBXFileReference; lastKnownFileType = file.storyboard; name = Base; path = Base.lproj/LaunchScreen.storyboard; sourceTree = "<group>"; };
		CD3D985A250217F5009C360E /* Info.plist */ = {isa = PBXFileReference; lastKnownFileType = text.plist.xml; path = Info.plist; sourceTree = "<group>"; };
		CD3D9867250219C5009C360E /* WebKit.framework */ = {isa = PBXFileReference; lastKnownFileType = wrapper.framework; name = WebKit.framework; path = System/Library/Frameworks/WebKit.framework; sourceTree = SDKROOT; };
		CD3D986B25022298009C360E /* HomeViewController.swift */ = {isa = PBXFileReference; lastKnownFileType = sourcecode.swift; path = HomeViewController.swift; sourceTree = "<group>"; };
		CD45A756250C7FB100505043 /* ReviewDetailViewController.swift */ = {isa = PBXFileReference; lastKnownFileType = sourcecode.swift; path = ReviewDetailViewController.swift; sourceTree = "<group>"; };
		CD9B712E25086E8000891472 /* LimitIngredients.swift */ = {isa = PBXFileReference; fileEncoding = 4; lastKnownFileType = sourcecode.swift; path = LimitIngredients.swift; sourceTree = "<group>"; };
		CD9B714225086EA100891472 /* HomeCollectionViewCell.swift */ = {isa = PBXFileReference; fileEncoding = 4; lastKnownFileType = sourcecode.swift; path = HomeCollectionViewCell.swift; sourceTree = "<group>"; };
		CD9B714325086EA100891472 /* LimitIngredientsQuery.swift */ = {isa = PBXFileReference; fileEncoding = 4; lastKnownFileType = sourcecode.swift; path = LimitIngredientsQuery.swift; sourceTree = "<group>"; };
		CD9B71462508BD3100891472 /* RefrigratorInsertModel.swift */ = {isa = PBXFileReference; lastKnownFileType = sourcecode.swift; path = RefrigratorInsertModel.swift; sourceTree = "<group>"; };
		CD9ED7162507232B00763BE7 /* UserSignUpModel.swift */ = {isa = PBXFileReference; lastKnownFileType = sourcecode.swift; path = UserSignUpModel.swift; sourceTree = "<group>"; };
		CD9ED7182507688C00763BE7 /* RefrigratorViewController.swift */ = {isa = PBXFileReference; lastKnownFileType = sourcecode.swift; path = RefrigratorViewController.swift; sourceTree = "<group>"; };
		CD9ED71A2507699200763BE7 /* RefrigratorCollectionViewCell.swift */ = {isa = PBXFileReference; lastKnownFileType = sourcecode.swift; path = RefrigratorCollectionViewCell.swift; sourceTree = "<group>"; };
		CD9ED71C2507741500763BE7 /* RefrigratorDBModel.swift */ = {isa = PBXFileReference; lastKnownFileType = sourcecode.swift; path = RefrigratorDBModel.swift; sourceTree = "<group>"; };
		CD9ED71E250776A000763BE7 /* plus_icon.png */ = {isa = PBXFileReference; lastKnownFileType = image.png; path = plus_icon.png; sourceTree = "<group>"; };
		CD9ED72025077FB400763BE7 /* RefrigratorSelectAllModel.swift */ = {isa = PBXFileReference; lastKnownFileType = sourcecode.swift; path = RefrigratorSelectAllModel.swift; sourceTree = "<group>"; };
		CD9ED72A250789FD00763BE7 /* AddRefrigratorViewController.swift */ = {isa = PBXFileReference; lastKnownFileType = sourcecode.swift; path = AddRefrigratorViewController.swift; sourceTree = "<group>"; };
		CDAEA6A5250F16CF00C76555 /* 15.JPG */ = {isa = PBXFileReference; lastKnownFileType = image.jpeg; path = 15.JPG; sourceTree = "<group>"; };
		CDAEA6A6250F16CF00C76555 /* 11.jpg */ = {isa = PBXFileReference; lastKnownFileType = image.jpeg; path = 11.jpg; sourceTree = "<group>"; };
		CDAEA6A7250F16CF00C76555 /* fruit.JPG */ = {isa = PBXFileReference; lastKnownFileType = image.jpeg; path = fruit.JPG; sourceTree = "<group>"; };
		CDAEA6A8250F16CF00C76555 /* kong.jpg */ = {isa = PBXFileReference; lastKnownFileType = image.jpeg; path = kong.jpg; sourceTree = "<group>"; };
		CDAEA6A9250F16CF00C76555 /* 5.jpg */ = {isa = PBXFileReference; lastKnownFileType = image.jpeg; path = 5.jpg; sourceTree = "<group>"; };
		CDAEA6AA250F16CF00C76555 /* flour.jpg */ = {isa = PBXFileReference; lastKnownFileType = image.jpeg; path = flour.jpg; sourceTree = "<group>"; };
		CDAEA6AB250F16CF00C76555 /* gagong.jpg */ = {isa = PBXFileReference; lastKnownFileType = image.jpeg; path = gagong.jpg; sourceTree = "<group>"; };
		CDAEA6AC250F16CF00C76555 /* 16.JPG */ = {isa = PBXFileReference; lastKnownFileType = image.jpeg; path = 16.JPG; sourceTree = "<group>"; };
		CDAEA6AD250F16CF00C76555 /* 12.jpg */ = {isa = PBXFileReference; lastKnownFileType = image.jpeg; path = 12.jpg; sourceTree = "<group>"; };
		CDAEA6AE250F16CF00C76555 /* 10.jpg */ = {isa = PBXFileReference; lastKnownFileType = image.jpeg; path = 10.jpg; sourceTree = "<group>"; };
		CDAEA6AF250F16CF00C76555 /* 6.jpg */ = {isa = PBXFileReference; lastKnownFileType = image.jpeg; path = 6.jpg; sourceTree = "<group>"; };
		CDAEA6B0250F16CF00C76555 /* 8.JPG */ = {isa = PBXFileReference; lastKnownFileType = image.jpeg; path = 8.JPG; sourceTree = "<group>"; };
		CDAEA6B1250F16CF00C76555 /* milk.jpg */ = {isa = PBXFileReference; lastKnownFileType = image.jpeg; path = milk.jpg; sourceTree = "<group>"; };
		CDAEA6B2250F16CF00C76555 /* 14.JPG */ = {isa = PBXFileReference; lastKnownFileType = image.jpeg; path = 14.JPG; sourceTree = "<group>"; };
		CDAEA6B3250F16CF00C76555 /* 9.jpg */ = {isa = PBXFileReference; lastKnownFileType = image.jpeg; path = 9.jpg; sourceTree = "<group>"; };
		CDAEA6B4250F16CF00C76555 /* 2.JPG */ = {isa = PBXFileReference; lastKnownFileType = image.jpeg; path = 2.JPG; sourceTree = "<group>"; };
		CDAEA6B5250F16D000C76555 /* 1.JPG */ = {isa = PBXFileReference; lastKnownFileType = image.jpeg; path = 1.JPG; sourceTree = "<group>"; };
		CDAEA6B6250F16D000C76555 /* 13.jpg */ = {isa = PBXFileReference; lastKnownFileType = image.jpeg; path = 13.jpg; sourceTree = "<group>"; };
		CDAEA6B7250F16D000C76555 /* 17.jpg */ = {isa = PBXFileReference; lastKnownFileType = image.jpeg; path = 17.jpg; sourceTree = "<group>"; };
		CDAEA6B8250F16D000C76555 /* gogi.jpg */ = {isa = PBXFileReference; lastKnownFileType = image.jpeg; path = gogi.jpg; sourceTree = "<group>"; };
		CDAEA6B9250F16D000C76555 /* vegita.jpg */ = {isa = PBXFileReference; lastKnownFileType = image.jpeg; path = vegita.jpg; sourceTree = "<group>"; };
		CDAEA6BA250F16D000C76555 /* rice.jpg */ = {isa = PBXFileReference; lastKnownFileType = image.jpeg; path = rice.jpg; sourceTree = "<group>"; };
		CDAEA6BB250F16D000C76555 /* ojing.jpg */ = {isa = PBXFileReference; lastKnownFileType = image.jpeg; path = ojing.jpg; sourceTree = "<group>"; };
		CDAEA6BC250F16D000C76555 /* 3.jpg */ = {isa = PBXFileReference; lastKnownFileType = image.jpeg; path = 3.jpg; sourceTree = "<group>"; };
		CDAEA6BD250F16D000C76555 /* gogru.jpg */ = {isa = PBXFileReference; lastKnownFileType = image.jpeg; path = gogru.jpg; sourceTree = "<group>"; };
		CDAEA6BE250F16D000C76555 /* chikingogi.jpg */ = {isa = PBXFileReference; lastKnownFileType = image.jpeg; path = chikingogi.jpg; sourceTree = "<group>"; };
		CDAEA6BF250F16D000C76555 /* fish.jpg */ = {isa = PBXFileReference; lastKnownFileType = image.jpeg; path = fish.jpg; sourceTree = "<group>"; };
		CDAEA6C0250F16D000C76555 /* 7.jpg */ = {isa = PBXFileReference; lastKnownFileType = image.jpeg; path = 7.jpg; sourceTree = "<group>"; };
		CDAEA6C1250F16D000C76555 /* piggogi.jpg */ = {isa = PBXFileReference; lastKnownFileType = image.jpeg; path = piggogi.jpg; sourceTree = "<group>"; };
		CDAEA6C2250F16D000C76555 /* 4.jpg */ = {isa = PBXFileReference; lastKnownFileType = image.jpeg; path = 4.jpg; sourceTree = "<group>"; };
		CDAEA6C3250F16D000C76555 /* sogogi.jpg */ = {isa = PBXFileReference; lastKnownFileType = image.jpeg; path = sogogi.jpg; sourceTree = "<group>"; };
		CDAEA6E3250F18D600C76555 /* busut.jpeg */ = {isa = PBXFileReference; lastKnownFileType = image.jpeg; path = busut.jpeg; sourceTree = "<group>"; };
		CDAEA6E5250F30F900C76555 /* pri.jpg */ = {isa = PBXFileReference; lastKnownFileType = image.jpeg; path = pri.jpg; sourceTree = "<group>"; };
		CDAEA6E7250F34B900C76555 /* pri2.jpg */ = {isa = PBXFileReference; lastKnownFileType = image.jpeg; path = pri2.jpg; sourceTree = "<group>"; };
		CDFFD30E250B24BF000C6E4F /* ReviewInsertViewController.swift */ = {isa = PBXFileReference; fileEncoding = 4; lastKnownFileType = sourcecode.swift; path = ReviewInsertViewController.swift; sourceTree = "<group>"; };
		CDFFD310250B24C5000C6E4F /* ReviewTableViewController.swift */ = {isa = PBXFileReference; fileEncoding = 4; lastKnownFileType = sourcecode.swift; path = ReviewTableViewController.swift; sourceTree = "<group>"; };
		CDFFD312250B24DA000C6E4F /* ReviewInsertModel.swift */ = {isa = PBXFileReference; fileEncoding = 4; lastKnownFileType = sourcecode.swift; path = ReviewInsertModel.swift; sourceTree = "<group>"; };
		CDFFD314250B24DF000C6E4F /* ReviewSelectModel.swift */ = {isa = PBXFileReference; fileEncoding = 4; lastKnownFileType = sourcecode.swift; path = ReviewSelectModel.swift; sourceTree = "<group>"; };
		CDFFD316250B24E4000C6E4F /* ReviewDBModel.swift */ = {isa = PBXFileReference; fileEncoding = 4; lastKnownFileType = sourcecode.swift; path = ReviewDBModel.swift; sourceTree = "<group>"; };
		CDFFD318250BA071000C6E4F /* ReviewTableViewCell.swift */ = {isa = PBXFileReference; lastKnownFileType = sourcecode.swift; path = ReviewTableViewCell.swift; sourceTree = "<group>"; };
		F8EF5C07250DD36100AC658F /* RecipeDetailQueryModel.swift */ = {isa = PBXFileReference; fileEncoding = 4; lastKnownFileType = sourcecode.swift; path = RecipeDetailQueryModel.swift; sourceTree = "<group>"; };
		F8EF5C08250DD36100AC658F /* RecipeQueryModel.swift */ = {isa = PBXFileReference; fileEncoding = 4; lastKnownFileType = sourcecode.swift; path = RecipeQueryModel.swift; sourceTree = "<group>"; };
		F8EF5C0B250DD36F00AC658F /* RecipeModel.swift */ = {isa = PBXFileReference; fileEncoding = 4; lastKnownFileType = sourcecode.swift; path = RecipeModel.swift; sourceTree = "<group>"; };
		F8EF5C0D250DD3D600AC658F /* RecipeViewController.swift */ = {isa = PBXFileReference; fileEncoding = 4; lastKnownFileType = sourcecode.swift; path = RecipeViewController.swift; sourceTree = "<group>"; };
		F8EF5C0E250DD3D600AC658F /* RecipeDetailViewController.swift */ = {isa = PBXFileReference; fileEncoding = 4; lastKnownFileType = sourcecode.swift; path = RecipeDetailViewController.swift; sourceTree = "<group>"; };
		F8EF5C0F250DD3D600AC658F /* RecipeDetailTableViewRecipeStepCell.swift */ = {isa = PBXFileReference; fileEncoding = 4; lastKnownFileType = sourcecode.swift; path = RecipeDetailTableViewRecipeStepCell.swift; sourceTree = "<group>"; };
		F8EF5C10250DD3D600AC658F /* RecipeDetailTableViewRecipeStepCell.xib */ = {isa = PBXFileReference; fileEncoding = 4; lastKnownFileType = file.xib; path = RecipeDetailTableViewRecipeStepCell.xib; sourceTree = "<group>"; };
		F8EF5C11250DD3D600AC658F /* RecipeDetailTableViewCell.swift */ = {isa = PBXFileReference; fileEncoding = 4; lastKnownFileType = sourcecode.swift; path = RecipeDetailTableViewCell.swift; sourceTree = "<group>"; };
		F8EF5C12250DD3D600AC658F /* RecipeTableViewCell.swift */ = {isa = PBXFileReference; fileEncoding = 4; lastKnownFileType = sourcecode.swift; path = RecipeTableViewCell.swift; sourceTree = "<group>"; };
		F8EF5C19250E6F2800AC658F /* unlike.png */ = {isa = PBXFileReference; lastKnownFileType = image.png; path = unlike.png; sourceTree = "<group>"; };
		F8EF5C1A250E6F2800AC658F /* like.png */ = {isa = PBXFileReference; lastKnownFileType = image.png; path = like.png; sourceTree = "<group>"; };
		F8EF5C1F250E7EB300AC658F /* RecipeLikeUpdateQueryModel.swift */ = {isa = PBXFileReference; lastKnownFileType = sourcecode.swift; path = RecipeLikeUpdateQueryModel.swift; sourceTree = "<group>"; };
/* End PBXFileReference section */

/* Begin PBXFrameworksBuildPhase section */
		CD3D9843250217EA009C360E /* Frameworks */ = {
			isa = PBXFrameworksBuildPhase;
			buildActionMask = 2147483647;
			files = (
				CD3D9868250219C5009C360E /* WebKit.framework in Frameworks */,
			);
			runOnlyForDeploymentPostprocessing = 0;
		};
/* End PBXFrameworksBuildPhase section */

/* Begin PBXGroup section */
		CD3D983D250217EA009C360E = {
			isa = PBXGroup;
			children = (
				CD3D9848250217EA009C360E /* RoomChef */,
				CD3D9847250217EA009C360E /* Products */,
				CD3D9866250219C5009C360E /* Frameworks */,
			);
			sourceTree = "<group>";
		};
		CD3D9847250217EA009C360E /* Products */ = {
			isa = PBXGroup;
			children = (
				CD3D9846250217EA009C360E /* RoomChef.app */,
			);
			name = Products;
			sourceTree = "<group>";
		};
		CD3D9848250217EA009C360E /* RoomChef */ = {
			isa = PBXGroup;
			children = (
				CD3D986525021965009C360E /* Controller */,
				CD3D986425021955009C360E /* Model */,
				CD3D98632502193F009C360E /* Dto */,
				CD3D986025021907009C360E /* Images */,
				CD3D9849250217EA009C360E /* AppDelegate.swift */,
				CD3D984B250217EA009C360E /* SceneDelegate.swift */,
				CD3D984F250217EA009C360E /* Main.storyboard */,
				CD3D9855250217F5009C360E /* Assets.xcassets */,
				CD3D9857250217F5009C360E /* LaunchScreen.storyboard */,
				CD3D985A250217F5009C360E /* Info.plist */,
				CD3D9852250217EA009C360E /* RoomChef.xcdatamodeld */,
			);
			path = RoomChef;
			sourceTree = "<group>";
		};
		CD3D986025021907009C360E /* Images */ = {
			isa = PBXGroup;
			children = (
				CDAEA6E7250F34B900C76555 /* pri2.jpg */,
				CDAEA6E5250F30F900C76555 /* pri.jpg */,
				CDAEA6E3250F18D600C76555 /* busut.jpeg */,
				CDAEA6B5250F16D000C76555 /* 1.JPG */,
				CDAEA6B4250F16CF00C76555 /* 2.JPG */,
				CDAEA6BC250F16D000C76555 /* 3.jpg */,
				CDAEA6C2250F16D000C76555 /* 4.jpg */,
				CDAEA6A9250F16CF00C76555 /* 5.jpg */,
				CDAEA6AF250F16CF00C76555 /* 6.jpg */,
				CDAEA6C0250F16D000C76555 /* 7.jpg */,
				CDAEA6B0250F16CF00C76555 /* 8.JPG */,
				CDAEA6B3250F16CF00C76555 /* 9.jpg */,
				CDAEA6AE250F16CF00C76555 /* 10.jpg */,
				CDAEA6A6250F16CF00C76555 /* 11.jpg */,
				CDAEA6AD250F16CF00C76555 /* 12.jpg */,
				CDAEA6B6250F16D000C76555 /* 13.jpg */,
				CDAEA6B2250F16CF00C76555 /* 14.JPG */,
				CDAEA6A5250F16CF00C76555 /* 15.JPG */,
				CDAEA6AC250F16CF00C76555 /* 16.JPG */,
				CDAEA6B7250F16D000C76555 /* 17.jpg */,
				CDAEA6BE250F16D000C76555 /* chikingogi.jpg */,
				CDAEA6BF250F16D000C76555 /* fish.jpg */,
				CDAEA6AA250F16CF00C76555 /* flour.jpg */,
				CDAEA6A7250F16CF00C76555 /* fruit.JPG */,
				CDAEA6AB250F16CF00C76555 /* gagong.jpg */,
				CDAEA6B8250F16D000C76555 /* gogi.jpg */,
				CDAEA6BD250F16D000C76555 /* gogru.jpg */,
				CDAEA6A8250F16CF00C76555 /* kong.jpg */,
				CDAEA6B1250F16CF00C76555 /* milk.jpg */,
				CDAEA6BB250F16D000C76555 /* ojing.jpg */,
				CDAEA6C1250F16D000C76555 /* piggogi.jpg */,
				CDAEA6BA250F16D000C76555 /* rice.jpg */,
				CDAEA6C3250F16D000C76555 /* sogogi.jpg */,
				CDAEA6B9250F16D000C76555 /* vegita.jpg */,
				F8EF5C1A250E6F2800AC658F /* like.png */,
				F8EF5C19250E6F2800AC658F /* unlike.png */,
				CD9ED71E250776A000763BE7 /* plus_icon.png */,
			);
			path = Images;
			sourceTree = "<group>";
		};
		CD3D98632502193F009C360E /* Dto */ = {
			isa = PBXGroup;
			children = (
				F8EF5C0B250DD36F00AC658F /* RecipeModel.swift */,
				CD9B712E25086E8000891472 /* LimitIngredients.swift */,
				CD9ED71C2507741500763BE7 /* RefrigratorDBModel.swift */,
				CDFFD316250B24E4000C6E4F /* ReviewDBModel.swift */,
			);
			path = Dto;
			sourceTree = "<group>";
		};
		CD3D986425021955009C360E /* Model */ = {
			isa = PBXGroup;
			children = (
				F8EF5C08250DD36100AC658F /* RecipeQueryModel.swift */,
				F8EF5C07250DD36100AC658F /* RecipeDetailQueryModel.swift */,
				CDFFD314250B24DF000C6E4F /* ReviewSelectModel.swift */,
				CDFFD312250B24DA000C6E4F /* ReviewInsertModel.swift */,
				CD9B714325086EA100891472 /* LimitIngredientsQuery.swift */,
				CD9ED7162507232B00763BE7 /* UserSignUpModel.swift */,
				CD9ED72025077FB400763BE7 /* RefrigratorSelectAllModel.swift */,
				CD9B71462508BD3100891472 /* RefrigratorInsertModel.swift */,
				F8EF5C1F250E7EB300AC658F /* RecipeLikeUpdateQueryModel.swift */,
			);
			path = Model;
			sourceTree = "<group>";
		};
		CD3D986525021965009C360E /* Controller */ = {
			isa = PBXGroup;
			children = (
				F8EF5C11250DD3D600AC658F /* RecipeDetailTableViewCell.swift */,
				F8EF5C0F250DD3D600AC658F /* RecipeDetailTableViewRecipeStepCell.swift */,
				F8EF5C10250DD3D600AC658F /* RecipeDetailTableViewRecipeStepCell.xib */,
				F8EF5C12250DD3D600AC658F /* RecipeTableViewCell.swift */,
				F8EF5C0E250DD3D600AC658F /* RecipeDetailViewController.swift */,
				F8EF5C0D250DD3D600AC658F /* RecipeViewController.swift */,
				CDFFD310250B24C5000C6E4F /* ReviewTableViewController.swift */,
				CDFFD318250BA071000C6E4F /* ReviewTableViewCell.swift */,
				CDFFD30E250B24BF000C6E4F /* ReviewInsertViewController.swift */,
				CD45A756250C7FB100505043 /* ReviewDetailViewController.swift */,
				CD9ED7182507688C00763BE7 /* RefrigratorViewController.swift */,
				CD9ED71A2507699200763BE7 /* RefrigratorCollectionViewCell.swift */,
				CD9ED72A250789FD00763BE7 /* AddRefrigratorViewController.swift */,
				CD3D986B25022298009C360E /* HomeViewController.swift */,
				CD9B714225086EA100891472 /* HomeCollectionViewCell.swift */,
			);
			path = Controller;
			sourceTree = "<group>";
		};
		CD3D9866250219C5009C360E /* Frameworks */ = {
			isa = PBXGroup;
			children = (
				CD3D9867250219C5009C360E /* WebKit.framework */,
			);
			name = Frameworks;
			sourceTree = "<group>";
		};
/* End PBXGroup section */

/* Begin PBXNativeTarget section */
		CD3D9845250217EA009C360E /* RoomChef */ = {
			isa = PBXNativeTarget;
			buildConfigurationList = CD3D985D250217F5009C360E /* Build configuration list for PBXNativeTarget "RoomChef" */;
			buildPhases = (
				CD3D9842250217EA009C360E /* Sources */,
				CD3D9843250217EA009C360E /* Frameworks */,
				CD3D9844250217EA009C360E /* Resources */,
			);
			buildRules = (
			);
			dependencies = (
			);
			name = RoomChef;
			productName = RoomChef;
			productReference = CD3D9846250217EA009C360E /* RoomChef.app */;
			productType = "com.apple.product-type.application";
		};
/* End PBXNativeTarget section */

/* Begin PBXProject section */
		CD3D983E250217EA009C360E /* Project object */ = {
			isa = PBXProject;
			attributes = {
				LastSwiftUpdateCheck = 1150;
				LastUpgradeCheck = 1150;
				ORGANIZATIONNAME = RoomChef;
				TargetAttributes = {
					CD3D9845250217EA009C360E = {
						CreatedOnToolsVersion = 11.5;
					};
				};
			};
			buildConfigurationList = CD3D9841250217EA009C360E /* Build configuration list for PBXProject "RoomChef" */;
			compatibilityVersion = "Xcode 9.3";
			developmentRegion = en;
			hasScannedForEncodings = 0;
			knownRegions = (
				en,
				Base,
			);
			mainGroup = CD3D983D250217EA009C360E;
			productRefGroup = CD3D9847250217EA009C360E /* Products */;
			projectDirPath = "";
			projectRoot = "";
			targets = (
				CD3D9845250217EA009C360E /* RoomChef */,
			);
		};
/* End PBXProject section */

/* Begin PBXResourcesBuildPhase section */
		CD3D9844250217EA009C360E /* Resources */ = {
			isa = PBXResourcesBuildPhase;
			buildActionMask = 2147483647;
			files = (
				CDAEA6CE250F16D000C76555 /* 6.jpg in Resources */,
				CDAEA6DA250F16D000C76555 /* ojing.jpg in Resources */,
				CDAEA6CB250F16D000C76555 /* 16.JPG in Resources */,
				CDAEA6C9250F16D000C76555 /* flour.jpg in Resources */,
				F8EF5C16250DD3D600AC658F /* RecipeDetailTableViewRecipeStepCell.xib in Resources */,
				CDAEA6DD250F16D000C76555 /* chikingogi.jpg in Resources */,
				CD9ED71F250776A000763BE7 /* plus_icon.png in Resources */,
				CDAEA6D8250F16D000C76555 /* vegita.jpg in Resources */,
				CDAEA6C7250F16D000C76555 /* kong.jpg in Resources */,
				CD3D9859250217F5009C360E /* LaunchScreen.storyboard in Resources */,
				CDAEA6C5250F16D000C76555 /* 11.jpg in Resources */,
				CDAEA6C4250F16D000C76555 /* 15.JPG in Resources */,
				CDAEA6DB250F16D000C76555 /* 3.jpg in Resources */,
				CDAEA6CC250F16D000C76555 /* 12.jpg in Resources */,
				F8EF5C1C250E6F2800AC658F /* like.png in Resources */,
				CDAEA6DE250F16D000C76555 /* fish.jpg in Resources */,
				CDAEA6D2250F16D000C76555 /* 9.jpg in Resources */,
				CDAEA6DF250F16D000C76555 /* 7.jpg in Resources */,
				CDAEA6C6250F16D000C76555 /* fruit.JPG in Resources */,
				CDAEA6D6250F16D000C76555 /* 17.jpg in Resources */,
				CDAEA6E0250F16D000C76555 /* piggogi.jpg in Resources */,
				CD3D9856250217F5009C360E /* Assets.xcassets in Resources */,
				CDAEA6CA250F16D000C76555 /* gagong.jpg in Resources */,
				CDAEA6E2250F16D000C76555 /* sogogi.jpg in Resources */,
				CDAEA6D1250F16D000C76555 /* 14.JPG in Resources */,
				CDAEA6E6250F30F900C76555 /* pri.jpg in Resources */,
				CDAEA6CF250F16D000C76555 /* 8.JPG in Resources */,
				CDAEA6D3250F16D000C76555 /* 2.JPG in Resources */,
				CDAEA6CD250F16D000C76555 /* 10.jpg in Resources */,
				CDAEA6D0250F16D000C76555 /* milk.jpg in Resources */,
				CDAEA6D5250F16D000C76555 /* 13.jpg in Resources */,
				CDAEA6E8250F34B900C76555 /* pri2.jpg in Resources */,
				CDAEA6D7250F16D000C76555 /* gogi.jpg in Resources */,
				CDAEA6E1250F16D000C76555 /* 4.jpg in Resources */,
				CDAEA6C8250F16D000C76555 /* 5.jpg in Resources */,
				CDAEA6D4250F16D000C76555 /* 1.JPG in Resources */,
				CDAEA6E4250F18D600C76555 /* busut.jpeg in Resources */,
				CDAEA6DC250F16D000C76555 /* gogru.jpg in Resources */,
				F8EF5C1B250E6F2800AC658F /* unlike.png in Resources */,
				CDAEA6D9250F16D000C76555 /* rice.jpg in Resources */,
				CD3D9851250217EA009C360E /* Main.storyboard in Resources */,
			);
			runOnlyForDeploymentPostprocessing = 0;
		};
/* End PBXResourcesBuildPhase section */

/* Begin PBXSourcesBuildPhase section */
		CD3D9842250217EA009C360E /* Sources */ = {
			isa = PBXSourcesBuildPhase;
			buildActionMask = 2147483647;
			files = (
				CD9ED7172507232B00763BE7 /* UserSignUpModel.swift in Sources */,
				CD9B712F25086E8100891472 /* LimitIngredients.swift in Sources */,
				CDFFD30F250B24BF000C6E4F /* ReviewInsertViewController.swift in Sources */,
				F8EF5C09250DD36100AC658F /* RecipeDetailQueryModel.swift in Sources */,
				F8EF5C15250DD3D600AC658F /* RecipeDetailTableViewRecipeStepCell.swift in Sources */,
				F8EF5C13250DD3D600AC658F /* RecipeViewController.swift in Sources */,
				CD45A757250C7FB100505043 /* ReviewDetailViewController.swift in Sources */,
				CD9B714525086EA100891472 /* LimitIngredientsQuery.swift in Sources */,
				CD9B714425086EA100891472 /* HomeCollectionViewCell.swift in Sources */,
				CD9ED71D2507741500763BE7 /* RefrigratorDBModel.swift in Sources */,
				CD9ED71B2507699200763BE7 /* RefrigratorCollectionViewCell.swift in Sources */,
				CD9B71472508BD3100891472 /* RefrigratorInsertModel.swift in Sources */,
				F8EF5C18250DD3D600AC658F /* RecipeTableViewCell.swift in Sources */,
				CD3D986C25022298009C360E /* HomeViewController.swift in Sources */,
				CD3D9854250217EA009C360E /* RoomChef.xcdatamodeld in Sources */,
				CD3D984A250217EA009C360E /* AppDelegate.swift in Sources */,
				CDFFD313250B24DA000C6E4F /* ReviewInsertModel.swift in Sources */,
				CDFFD311250B24C5000C6E4F /* ReviewTableViewController.swift in Sources */,
				CD9ED72B250789FD00763BE7 /* AddRefrigratorViewController.swift in Sources */,
				F8EF5C0A250DD36100AC658F /* RecipeQueryModel.swift in Sources */,
				F8EF5C20250E7EB300AC658F /* RecipeLikeUpdateQueryModel.swift in Sources */,
				CD3D984C250217EA009C360E /* SceneDelegate.swift in Sources */,
				CDFFD315250B24DF000C6E4F /* ReviewSelectModel.swift in Sources */,
				F8EF5C14250DD3D600AC658F /* RecipeDetailViewController.swift in Sources */,
				CD9ED7192507688C00763BE7 /* RefrigratorViewController.swift in Sources */,
				CDFFD319250BA071000C6E4F /* ReviewTableViewCell.swift in Sources */,
				F8EF5C17250DD3D600AC658F /* RecipeDetailTableViewCell.swift in Sources */,
				CDFFD317250B24E4000C6E4F /* ReviewDBModel.swift in Sources */,
				CD9ED72125077FB400763BE7 /* RefrigratorSelectAllModel.swift in Sources */,
				F8EF5C0C250DD36F00AC658F /* RecipeModel.swift in Sources */,
			);
			runOnlyForDeploymentPostprocessing = 0;
		};
/* End PBXSourcesBuildPhase section */

/* Begin PBXVariantGroup section */
		CD3D984F250217EA009C360E /* Main.storyboard */ = {
			isa = PBXVariantGroup;
			children = (
				CD3D9850250217EA009C360E /* Base */,
			);
			name = Main.storyboard;
			sourceTree = "<group>";
		};
		CD3D9857250217F5009C360E /* LaunchScreen.storyboard */ = {
			isa = PBXVariantGroup;
			children = (
				CD3D9858250217F5009C360E /* Base */,
			);
			name = LaunchScreen.storyboard;
			sourceTree = "<group>";
		};
/* End PBXVariantGroup section */

/* Begin XCBuildConfiguration section */
		CD3D985B250217F5009C360E /* Debug */ = {
			isa = XCBuildConfiguration;
			buildSettings = {
				ALWAYS_SEARCH_USER_PATHS = NO;
				CLANG_ANALYZER_NONNULL = YES;
				CLANG_ANALYZER_NUMBER_OBJECT_CONVERSION = YES_AGGRESSIVE;
				CLANG_CXX_LANGUAGE_STANDARD = "gnu++14";
				CLANG_CXX_LIBRARY = "libc++";
				CLANG_ENABLE_MODULES = YES;
				CLANG_ENABLE_OBJC_ARC = YES;
				CLANG_ENABLE_OBJC_WEAK = YES;
				CLANG_WARN_BLOCK_CAPTURE_AUTORELEASING = YES;
				CLANG_WARN_BOOL_CONVERSION = YES;
				CLANG_WARN_COMMA = YES;
				CLANG_WARN_CONSTANT_CONVERSION = YES;
				CLANG_WARN_DEPRECATED_OBJC_IMPLEMENTATIONS = YES;
				CLANG_WARN_DIRECT_OBJC_ISA_USAGE = YES_ERROR;
				CLANG_WARN_DOCUMENTATION_COMMENTS = YES;
				CLANG_WARN_EMPTY_BODY = YES;
				CLANG_WARN_ENUM_CONVERSION = YES;
				CLANG_WARN_INFINITE_RECURSION = YES;
				CLANG_WARN_INT_CONVERSION = YES;
				CLANG_WARN_NON_LITERAL_NULL_CONVERSION = YES;
				CLANG_WARN_OBJC_IMPLICIT_RETAIN_SELF = YES;
				CLANG_WARN_OBJC_LITERAL_CONVERSION = YES;
				CLANG_WARN_OBJC_ROOT_CLASS = YES_ERROR;
				CLANG_WARN_RANGE_LOOP_ANALYSIS = YES;
				CLANG_WARN_STRICT_PROTOTYPES = YES;
				CLANG_WARN_SUSPICIOUS_MOVE = YES;
				CLANG_WARN_UNGUARDED_AVAILABILITY = YES_AGGRESSIVE;
				CLANG_WARN_UNREACHABLE_CODE = YES;
				CLANG_WARN__DUPLICATE_METHOD_MATCH = YES;
				COPY_PHASE_STRIP = NO;
				DEBUG_INFORMATION_FORMAT = dwarf;
				ENABLE_STRICT_OBJC_MSGSEND = YES;
				ENABLE_TESTABILITY = YES;
				GCC_C_LANGUAGE_STANDARD = gnu11;
				GCC_DYNAMIC_NO_PIC = NO;
				GCC_NO_COMMON_BLOCKS = YES;
				GCC_OPTIMIZATION_LEVEL = 0;
				GCC_PREPROCESSOR_DEFINITIONS = (
					"DEBUG=1",
					"$(inherited)",
				);
				GCC_WARN_64_TO_32_BIT_CONVERSION = YES;
				GCC_WARN_ABOUT_RETURN_TYPE = YES_ERROR;
				GCC_WARN_UNDECLARED_SELECTOR = YES;
				GCC_WARN_UNINITIALIZED_AUTOS = YES_AGGRESSIVE;
				GCC_WARN_UNUSED_FUNCTION = YES;
				GCC_WARN_UNUSED_VARIABLE = YES;
				IPHONEOS_DEPLOYMENT_TARGET = 13.5;
				MTL_ENABLE_DEBUG_INFO = INCLUDE_SOURCE;
				MTL_FAST_MATH = YES;
				ONLY_ACTIVE_ARCH = YES;
				SDKROOT = iphoneos;
				SWIFT_ACTIVE_COMPILATION_CONDITIONS = DEBUG;
				SWIFT_OPTIMIZATION_LEVEL = "-Onone";
			};
			name = Debug;
		};
		CD3D985C250217F5009C360E /* Release */ = {
			isa = XCBuildConfiguration;
			buildSettings = {
				ALWAYS_SEARCH_USER_PATHS = NO;
				CLANG_ANALYZER_NONNULL = YES;
				CLANG_ANALYZER_NUMBER_OBJECT_CONVERSION = YES_AGGRESSIVE;
				CLANG_CXX_LANGUAGE_STANDARD = "gnu++14";
				CLANG_CXX_LIBRARY = "libc++";
				CLANG_ENABLE_MODULES = YES;
				CLANG_ENABLE_OBJC_ARC = YES;
				CLANG_ENABLE_OBJC_WEAK = YES;
				CLANG_WARN_BLOCK_CAPTURE_AUTORELEASING = YES;
				CLANG_WARN_BOOL_CONVERSION = YES;
				CLANG_WARN_COMMA = YES;
				CLANG_WARN_CONSTANT_CONVERSION = YES;
				CLANG_WARN_DEPRECATED_OBJC_IMPLEMENTATIONS = YES;
				CLANG_WARN_DIRECT_OBJC_ISA_USAGE = YES_ERROR;
				CLANG_WARN_DOCUMENTATION_COMMENTS = YES;
				CLANG_WARN_EMPTY_BODY = YES;
				CLANG_WARN_ENUM_CONVERSION = YES;
				CLANG_WARN_INFINITE_RECURSION = YES;
				CLANG_WARN_INT_CONVERSION = YES;
				CLANG_WARN_NON_LITERAL_NULL_CONVERSION = YES;
				CLANG_WARN_OBJC_IMPLICIT_RETAIN_SELF = YES;
				CLANG_WARN_OBJC_LITERAL_CONVERSION = YES;
				CLANG_WARN_OBJC_ROOT_CLASS = YES_ERROR;
				CLANG_WARN_RANGE_LOOP_ANALYSIS = YES;
				CLANG_WARN_STRICT_PROTOTYPES = YES;
				CLANG_WARN_SUSPICIOUS_MOVE = YES;
				CLANG_WARN_UNGUARDED_AVAILABILITY = YES_AGGRESSIVE;
				CLANG_WARN_UNREACHABLE_CODE = YES;
				CLANG_WARN__DUPLICATE_METHOD_MATCH = YES;
				COPY_PHASE_STRIP = NO;
				DEBUG_INFORMATION_FORMAT = "dwarf-with-dsym";
				ENABLE_NS_ASSERTIONS = NO;
				ENABLE_STRICT_OBJC_MSGSEND = YES;
				GCC_C_LANGUAGE_STANDARD = gnu11;
				GCC_NO_COMMON_BLOCKS = YES;
				GCC_WARN_64_TO_32_BIT_CONVERSION = YES;
				GCC_WARN_ABOUT_RETURN_TYPE = YES_ERROR;
				GCC_WARN_UNDECLARED_SELECTOR = YES;
				GCC_WARN_UNINITIALIZED_AUTOS = YES_AGGRESSIVE;
				GCC_WARN_UNUSED_FUNCTION = YES;
				GCC_WARN_UNUSED_VARIABLE = YES;
				IPHONEOS_DEPLOYMENT_TARGET = 13.5;
				MTL_ENABLE_DEBUG_INFO = NO;
				MTL_FAST_MATH = YES;
				SDKROOT = iphoneos;
				SWIFT_COMPILATION_MODE = wholemodule;
				SWIFT_OPTIMIZATION_LEVEL = "-O";
				VALIDATE_PRODUCT = YES;
			};
			name = Release;
		};
		CD3D985E250217F5009C360E /* Debug */ = {
			isa = XCBuildConfiguration;
			buildSettings = {
				ASSETCATALOG_COMPILER_APPICON_NAME = AppIcon;
				CODE_SIGN_STYLE = Automatic;
				INFOPLIST_FILE = RoomChef/Info.plist;
				LD_RUNPATH_SEARCH_PATHS = (
					"$(inherited)",
					"@executable_path/Frameworks",
				);
				PRODUCT_BUNDLE_IDENTIFIER = com.tj.juee.RoomChef;
				PRODUCT_NAME = "$(TARGET_NAME)";
				SWIFT_VERSION = 5.0;
				TARGETED_DEVICE_FAMILY = 1;
			};
			name = Debug;
		};
		CD3D985F250217F5009C360E /* Release */ = {
			isa = XCBuildConfiguration;
			buildSettings = {
				ASSETCATALOG_COMPILER_APPICON_NAME = AppIcon;
				CODE_SIGN_STYLE = Automatic;
				INFOPLIST_FILE = RoomChef/Info.plist;
				LD_RUNPATH_SEARCH_PATHS = (
					"$(inherited)",
					"@executable_path/Frameworks",
				);
				PRODUCT_BUNDLE_IDENTIFIER = com.tj.juee.RoomChef;
				PRODUCT_NAME = "$(TARGET_NAME)";
				SWIFT_VERSION = 5.0;
				TARGETED_DEVICE_FAMILY = 1;
			};
			name = Release;
		};
/* End XCBuildConfiguration section */

/* Begin XCConfigurationList section */
		CD3D9841250217EA009C360E /* Build configuration list for PBXProject "RoomChef" */ = {
			isa = XCConfigurationList;
			buildConfigurations = (
				CD3D985B250217F5009C360E /* Debug */,
				CD3D985C250217F5009C360E /* Release */,
			);
			defaultConfigurationIsVisible = 0;
			defaultConfigurationName = Release;
		};
		CD3D985D250217F5009C360E /* Build configuration list for PBXNativeTarget "RoomChef" */ = {
			isa = XCConfigurationList;
			buildConfigurations = (
				CD3D985E250217F5009C360E /* Debug */,
				CD3D985F250217F5009C360E /* Release */,
			);
			defaultConfigurationIsVisible = 0;
			defaultConfigurationName = Release;
		};
/* End XCConfigurationList section */

/* Begin XCVersionGroup section */
		CD3D9852250217EA009C360E /* RoomChef.xcdatamodeld */ = {
			isa = XCVersionGroup;
			children = (
				CD3D9853250217EA009C360E /* RoomChef.xcdatamodel */,
			);
			currentVersion = CD3D9853250217EA009C360E /* RoomChef.xcdatamodel */;
			path = RoomChef.xcdatamodeld;
			sourceTree = "<group>";
			versionGroupType = wrapper.xcdatamodel;
		};
/* End XCVersionGroup section */
	};
	rootObject = CD3D983E250217EA009C360E /* Project object */;
}
